
Microsoft Visual Studio Solution File, Format Version 12.00
# Visual Studio Version 16
VisualStudioVersion = 16.0.30907.101
MinimumVisualStudioVersion = 10.0.40219.1
Project("{9A19103F-16F7-4668-BE54-9A1E7A4F7556}") = "VCS", "VCS.csproj", "{C7FDB481-409F-480B-9E76-1A4EE03E5EE0}"
EndProject
Global
	GlobalSection(SolutionConfigurationPlatforms) = preSolution
		Debug|Any CPU = Debug|Any CPU
		Release|Any CPU = Release|Any CPU
	EndGlobalSection
	GlobalSection(ProjectConfigurationPlatforms) = postSolution
		{C7FDB481-409F-480B-9E76-1A4EE03E5EE0}.Debug|Any CPU.ActiveCfg = Debug|Any CPU
		{C7FDB481-409F-480B-9E76-1A4EE03E5EE0}.Debug|Any CPU.Build.0 = Debug|Any CPU
		{C7FDB481-409F-480B-9E76-1A4EE03E5EE0}.Release|Any CPU.ActiveCfg = Release|Any CPU
		{C7FDB481-409F-480B-9E76-1A4EE03E5EE0}.Release|Any CPU.Build.0 = Release|Any CPU
	EndGlobalSection
	GlobalSection(SolutionProperties) = preSolution
		HideSolutionNode = FALSE
	EndGlobalSection
	GlobalSection(ExtensibilityGlobals) = postSolution
		SolutionGuid = {A8A1A24B-7362-411F-A40E-FBF326360773}
	EndGlobalSection
EndGlobal
